// !$*UTF8*$!
{
	archiveVersion = 1;
	classes = {
	};
	objectVersion = 55;
	objects = {

/* Begin PBXBuildFile section */
		2D55AC2628AF3B7E0033DCF6 /* AppDelegate.swift in Sources */ = {isa = PBXBuildFile; fileRef = 2D55AC2528AF3B7E0033DCF6 /* AppDelegate.swift */; };
		2D55AC2828AF3B7E0033DCF6 /* SceneDelegate.swift in Sources */ = {isa = PBXBuildFile; fileRef = 2D55AC2728AF3B7E0033DCF6 /* SceneDelegate.swift */; };
		2D55AC2A28AF3B7E0033DCF6 /* ViewController.swift in Sources */ = {isa = PBXBuildFile; fileRef = 2D55AC2928AF3B7E0033DCF6 /* ViewController.swift */; };
		2D55AC2D28AF3B7E0033DCF6 /* Main.storyboard in Resources */ = {isa = PBXBuildFile; fileRef = 2D55AC2B28AF3B7E0033DCF6 /* Main.storyboard */; };
		2D55AC2F28AF3B800033DCF6 /* Assets.xcassets in Resources */ = {isa = PBXBuildFile; fileRef = 2D55AC2E28AF3B800033DCF6 /* Assets.xcassets */; };
		2D55AC3228AF3B800033DCF6 /* LaunchScreen.storyboard in Resources */ = {isa = PBXBuildFile; fileRef = 2D55AC3028AF3B800033DCF6 /* LaunchScreen.storyboard */; };
		2D55AC3D28AF3B800033DCF6 /* TipCalculatorTests.swift in Sources */ = {isa = PBXBuildFile; fileRef = 2D55AC3C28AF3B800033DCF6 /* TipCalculatorTests.swift */; };
		2D55AC4728AF3B800033DCF6 /* TipCalculatorUITests.swift in Sources */ = {isa = PBXBuildFile; fileRef = 2D55AC4628AF3B800033DCF6 /* TipCalculatorUITests.swift */; };
		2D55AC4928AF3B800033DCF6 /* TipCalculatorUITestsLaunchTests.swift in Sources */ = {isa = PBXBuildFile; fileRef = 2D55AC4828AF3B800033DCF6 /* TipCalculatorUITestsLaunchTests.swift */; };
/* End PBXBuildFile section */

/* Begin PBXContainerItemProxy section */
		2D55AC3928AF3B800033DCF6 /* PBXContainerItemProxy */ = {
			isa = PBXContainerItemProxy;
			containerPortal = 2D55AC1A28AF3B7E0033DCF6 /* Project object */;
			proxyType = 1;
			remoteGlobalIDString = 2D55AC2128AF3B7E0033DCF6;
			remoteInfo = TipCalculator;
		};
		2D55AC4328AF3B800033DCF6 /* PBXContainerItemProxy */ = {
			isa = PBXContainerItemProxy;
			containerPortal = 2D55AC1A28AF3B7E0033DCF6 /* Project object */;
			proxyType = 1;
			remoteGlobalIDString = 2D55AC2128AF3B7E0033DCF6;
			remoteInfo = TipCalculator;
		};
/* End PBXContainerItemProxy section */

/* Begin PBXFileReference section */
		2D55AC2228AF3B7E0033DCF6 /* TipCalculator.app */ = {isa = PBXFileReference; explicitFileType = wrapper.application; includeInIndex = 0; path = TipCalculator.app; sourceTree = BUILT_PRODUCTS_DIR; };
		2D55AC2528AF3B7E0033DCF6 /* AppDelegate.swift */ = {isa = PBXFileReference; lastKnownFileType = sourcecode.swift; path = AppDelegate.swift; sourceTree = "<group>"; };
		2D55AC2728AF3B7E0033DCF6 /* SceneDelegate.swift */ = {isa = PBXFileReference; lastKnownFileType = sourcecode.swift; path = SceneDelegate.swift; sourceTree = "<group>"; };
		2D55AC2928AF3B7E0033DCF6 /* ViewController.swift */ = {isa = PBXFileReference; lastKnownFileType = sourcecode.swift; path = ViewController.swift; sourceTree = "<group>"; };
		2D55AC2C28AF3B7E0033DCF6 /* Base */ = {isa = PBXFileReference; lastKnownFileType = file.storyboard; name = Base; path = Base.lproj/Main.storyboard; sourceTree = "<group>"; };
		2D55AC2E28AF3B800033DCF6 /* Assets.xcassets */ = {isa = PBXFileReference; lastKnownFileType = folder.assetcatalog; path = Assets.xcassets; sourceTree = "<group>"; };
		2D55AC3128AF3B800033DCF6 /* Base */ = {isa = PBXFileReference; lastKnownFileType = file.storyboard; name = Base; path = Base.lproj/LaunchScreen.storyboard; sourceTree = "<group>"; };
		2D55AC3328AF3B800033DCF6 /* Info.plist */ = {isa = PBXFileReference; lastKnownFileType = text.plist.xml; path = Info.plist; sourceTree = "<group>"; };
		2D55AC3828AF3B800033DCF6 /* TipCalculatorTests.xctest */ = {isa = PBXFileReference; explicitFileType = wrapper.cfbundle; includeInIndex = 0; path = TipCalculatorTests.xctest; sourceTree = BUILT_PRODUCTS_DIR; };
		2D55AC3C28AF3B800033DCF6 /* TipCalculatorTests.swift */ = {isa = PBXFileReference; lastKnownFileType = sourcecode.swift; path = TipCalculatorTests.swift; sourceTree = "<group>"; };
		2D55AC4228AF3B800033DCF6 /* TipCalculatorUITests.xctest */ = {isa = PBXFileReference; explicitFileType = wrapper.cfbundle; includeInIndex = 0; path = TipCalculatorUITests.xctest; sourceTree = BUILT_PRODUCTS_DIR; };
		2D55AC4628AF3B800033DCF6 /* TipCalculatorUITests.swift */ = {isa = PBXFileReference; lastKnownFileType = sourcecode.swift; path = TipCalculatorUITests.swift; sourceTree = "<group>"; };
		2D55AC4828AF3B800033DCF6 /* TipCalculatorUITestsLaunchTests.swift */ = {isa = PBXFileReference; lastKnownFileType = sourcecode.swift; path = TipCalculatorUITestsLaunchTests.swift; sourceTree = "<group>"; };
/* End PBXFileReference section */

/* Begin PBXFrameworksBuildPhase section */
		2D55AC1F28AF3B7E0033DCF6 /* Frameworks */ = {
			isa = PBXFrameworksBuildPhase;
			buildActionMask = 2147483647;
			files = (
			);
			runOnlyForDeploymentPostprocessing = 0;
		};
		2D55AC3528AF3B800033DCF6 /* Frameworks */ = {
			isa = PBXFrameworksBuildPhase;
			buildActionMask = 2147483647;
			files = (
			);
			runOnlyForDeploymentPostprocessing = 0;
		};
		2D55AC3F28AF3B800033DCF6 /* Frameworks */ = {
			isa = PBXFrameworksBuildPhase;
			buildActionMask = 2147483647;
			files = (
			);
			runOnlyForDeploymentPostprocessing = 0;
		};
/* End PBXFrameworksBuildPhase section */

/* Begin PBXGroup section */
		2D55AC1928AF3B7E0033DCF6 = {
			isa = PBXGroup;
			children = (
				2D55AC2428AF3B7E0033DCF6 /* TipCalculator */,
				2D55AC3B28AF3B800033DCF6 /* TipCalculatorTests */,
				2D55AC4528AF3B800033DCF6 /* TipCalculatorUITests */,
				2D55AC2328AF3B7E0033DCF6 /* Products */,
			);
			sourceTree = "<group>";
		};
		2D55AC2328AF3B7E0033DCF6 /* Products */ = {
			isa = PBXGroup;
			children = (
				2D55AC2228AF3B7E0033DCF6 /* TipCalculator.app */,
				2D55AC3828AF3B800033DCF6 /* TipCalculatorTests.xctest */,
				2D55AC4228AF3B800033DCF6 /* TipCalculatorUITests.xctest */,
			);
			name = Products;
			sourceTree = "<group>";
		};
		2D55AC2428AF3B7E0033DCF6 /* TipCalculator */ = {
			isa = PBXGroup;
			children = (
				2D55AC2528AF3B7E0033DCF6 /* AppDelegate.swift */,
				2D55AC2728AF3B7E0033DCF6 /* SceneDelegate.swift */,
				2D55AC2928AF3B7E0033DCF6 /* ViewController.swift */,
				2D55AC2B28AF3B7E0033DCF6 /* Main.storyboard */,
				2D55AC2E28AF3B800033DCF6 /* Assets.xcassets */,
				2D55AC3028AF3B800033DCF6 /* LaunchScreen.storyboard */,
				2D55AC3328AF3B800033DCF6 /* Info.plist */,
			);
			path = TipCalculator;
			sourceTree = "<group>";
		};
		2D55AC3B28AF3B800033DCF6 /* TipCalculatorTests */ = {
			isa = PBXGroup;
			children = (
				2D55AC3C28AF3B800033DCF6 /* TipCalculatorTests.swift */,
			);
			path = TipCalculatorTests;
			sourceTree = "<group>";
		};
		2D55AC4528AF3B800033DCF6 /* TipCalculatorUITests */ = {
			isa = PBXGroup;
			children = (
				2D55AC4628AF3B800033DCF6 /* TipCalculatorUITests.swift */,
				2D55AC4828AF3B800033DCF6 /* TipCalculatorUITestsLaunchTests.swift */,
			);
			path = TipCalculatorUITests;
			sourceTree = "<group>";
		};
/* End PBXGroup section */

/* Begin PBXNativeTarget section */
		2D55AC2128AF3B7E0033DCF6 /* TipCalculator */ = {
			isa = PBXNativeTarget;
			buildConfigurationList = 2D55AC4C28AF3B800033DCF6 /* Build configuration list for PBXNativeTarget "TipCalculator" */;
			buildPhases = (
				2D55AC1E28AF3B7E0033DCF6 /* Sources */,
				2D55AC1F28AF3B7E0033DCF6 /* Frameworks */,
				2D55AC2028AF3B7E0033DCF6 /* Resources */,
			);
			buildRules = (
			);
			dependencies = (
			);
			name = TipCalculator;
			productName = TipCalculator;
			productReference = 2D55AC2228AF3B7E0033DCF6 /* TipCalculator.app */;
			productType = "com.apple.product-type.application";
		};
		2D55AC3728AF3B800033DCF6 /* TipCalculatorTests */ = {
			isa = PBXNativeTarget;
			buildConfigurationList = 2D55AC4F28AF3B800033DCF6 /* Build configuration list for PBXNativeTarget "TipCalculatorTests" */;
			buildPhases = (
				2D55AC3428AF3B800033DCF6 /* Sources */,
				2D55AC3528AF3B800033DCF6 /* Frameworks */,
				2D55AC3628AF3B800033DCF6 /* Resources */,
			);
			buildRules = (
			);
			dependencies = (
				2D55AC3A28AF3B800033DCF6 /* PBXTargetDependency */,
			);
			name = TipCalculatorTests;
			productName = TipCalculatorTests;
			productReference = 2D55AC3828AF3B800033DCF6 /* TipCalculatorTests.xctest */;
			productType = "com.apple.product-type.bundle.unit-test";
		};
		2D55AC4128AF3B800033DCF6 /* TipCalculatorUITests */ = {
			isa = PBXNativeTarget;
			buildConfigurationList = 2D55AC5228AF3B800033DCF6 /* Build configuration list for PBXNativeTarget "TipCalculatorUITests" */;
			buildPhases = (
				2D55AC3E28AF3B800033DCF6 /* Sources */,
				2D55AC3F28AF3B800033DCF6 /* Frameworks */,
				2D55AC4028AF3B800033DCF6 /* Resources */,
			);
			buildRules = (
			);
			dependencies = (
				2D55AC4428AF3B800033DCF6 /* PBXTargetDependency */,
			);
			name = TipCalculatorUITests;
			productName = TipCalculatorUITests;
			productReference = 2D55AC4228AF3B800033DCF6 /* TipCalculatorUITests.xctest */;
			productType = "com.apple.product-type.bundle.ui-testing";
		};
/* End PBXNativeTarget section */

/* Begin PBXProject section */
		2D55AC1A28AF3B7E0033DCF6 /* Project object */ = {
			isa = PBXProject;
			attributes = {
				BuildIndependentTargetsInParallel = 1;
				LastSwiftUpdateCheck = 1340;
				LastUpgradeCheck = 1340;
				TargetAttributes = {
					2D55AC2128AF3B7E0033DCF6 = {
						CreatedOnToolsVersion = 13.4.1;
					};
					2D55AC3728AF3B800033DCF6 = {
						CreatedOnToolsVersion = 13.4.1;
						TestTargetID = 2D55AC2128AF3B7E0033DCF6;
					};
					2D55AC4128AF3B800033DCF6 = {
						CreatedOnToolsVersion = 13.4.1;
						TestTargetID = 2D55AC2128AF3B7E0033DCF6;
					};
				};
			};
			buildConfigurationList = 2D55AC1D28AF3B7E0033DCF6 /* Build configuration list for PBXProject "TipCalculator" */;
			compatibilityVersion = "Xcode 13.0";
			developmentRegion = en;
			hasScannedForEncodings = 0;
			knownRegions = (
				en,
				Base,
			);
			mainGroup = 2D55AC1928AF3B7E0033DCF6;
			productRefGroup = 2D55AC2328AF3B7E0033DCF6 /* Products */;
			projectDirPath = "";
			projectRoot = "";
			targets = (
				2D55AC2128AF3B7E0033DCF6 /* TipCalculator */,
				2D55AC3728AF3B800033DCF6 /* TipCalculatorTests */,
				2D55AC4128AF3B800033DCF6 /* TipCalculatorUITests */,
			);
		};
/* End PBXProject section */

/* Begin PBXResourcesBuildPhase section */
		2D55AC2028AF3B7E0033DCF6 /* Resources */ = {
			isa = PBXResourcesBuildPhase;
			buildActionMask = 2147483647;
			files = (
				2D55AC3228AF3B800033DCF6 /* LaunchScreen.storyboard in Resources */,
				2D55AC2F28AF3B800033DCF6 /* Assets.xcassets in Resources */,
				2D55AC2D28AF3B7E0033DCF6 /* Main.storyboard in Resources */,
			);
			runOnlyForDeploymentPostprocessing = 0;
		};
		2D55AC3628AF3B800033DCF6 /* Resources */ = {
			isa = PBXResourcesBuildPhase;
			buildActionMask = 2147483647;
			files = (
			);
			runOnlyForDeploymentPostprocessing = 0;
		};
		2D55AC4028AF3B800033DCF6 /* Resources */ = {
			isa = PBXResourcesBuildPhase;
			buildActionMask = 2147483647;
			files = (
			);
			runOnlyForDeploymentPostprocessing = 0;
		};
/* End PBXResourcesBuildPhase section */

/* Begin PBXSourcesBuildPhase section */
		2D55AC1E28AF3B7E0033DCF6 /* Sources */ = {
			isa = PBXSourcesBuildPhase;
			buildActionMask = 2147483647;
			files = (
				2D55AC2A28AF3B7E0033DCF6 /* ViewController.swift in Sources */,
				2D55AC2628AF3B7E0033DCF6 /* AppDelegate.swift in Sources */,
				2D55AC2828AF3B7E0033DCF6 /* SceneDelegate.swift in Sources */,
			);
			runOnlyForDeploymentPostprocessing = 0;
		};
		2D55AC3428AF3B800033DCF6 /* Sources */ = {
			isa = PBXSourcesBuildPhase;
			buildActionMask = 2147483647;
			files = (
				2D55AC3D28AF3B800033DCF6 /* TipCalculatorTests.swift in Sources */,
			);
			runOnlyForDeploymentPostprocessing = 0;
		};
		2D55AC3E28AF3B800033DCF6 /* Sources */ = {
			isa = PBXSourcesBuildPhase;
			buildActionMask = 2147483647;
			files = (
				2D55AC4928AF3B800033DCF6 /* TipCalculatorUITestsLaunchTests.swift in Sources */,
				2D55AC4728AF3B800033DCF6 /* TipCalculatorUITests.swift in Sources */,
			);
			runOnlyForDeploymentPostprocessing = 0;
		};
/* End PBXSourcesBuildPhase section */

/* Begin PBXTargetDependency section */
		2D55AC3A28AF3B800033DCF6 /* PBXTargetDependency */ = {
			isa = PBXTargetDependency;
			target = 2D55AC2128AF3B7E0033DCF6 /* TipCalculator */;
			targetProxy = 2D55AC3928AF3B800033DCF6 /* PBXContainerItemProxy */;
		};
		2D55AC4428AF3B800033DCF6 /* PBXTargetDependency */ = {
			isa = PBXTargetDependency;
			target = 2D55AC2128AF3B7E0033DCF6 /* TipCalculator */;
			targetProxy = 2D55AC4328AF3B800033DCF6 /* PBXContainerItemProxy */;
		};
/* End PBXTargetDependency section */

/* Begin PBXVariantGroup section */
		2D55AC2B28AF3B7E0033DCF6 /* Main.storyboard */ = {
			isa = PBXVariantGroup;
			children = (
				2D55AC2C28AF3B7E0033DCF6 /* Base */,
			);
			name = Main.storyboard;
			sourceTree = "<group>";
		};
		2D55AC3028AF3B800033DCF6 /* LaunchScreen.storyboard */ = {
			isa = PBXVariantGroup;
			children = (
				2D55AC3128AF3B800033DCF6 /* Base */,
			);
			name = LaunchScreen.storyboard;
			sourceTree = "<group>";
		};
/* End PBXVariantGroup section */

/* Begin XCBuildConfiguration section */
		2D55AC4A28AF3B800033DCF6 /* Debug */ = {
			isa = XCBuildConfiguration;
			buildSettings = {
				ALWAYS_SEARCH_USER_PATHS = NO;
				CLANG_ANALYZER_NONNULL = YES;
				CLANG_ANALYZER_NUMBER_OBJECT_CONVERSION = YES_AGGRESSIVE;
				CLANG_CXX_LANGUAGE_STANDARD = "gnu++17";
				CLANG_ENABLE_MODULES = YES;
				CLANG_ENABLE_OBJC_ARC = YES;
				CLANG_ENABLE_OBJC_WEAK = YES;
				CLANG_WARN_BLOCK_CAPTURE_AUTORELEASING = YES;
				CLANG_WARN_BOOL_CONVERSION = YES;
				CLANG_WARN_COMMA = YES;
				CLANG_WARN_CONSTANT_CONVERSION = YES;
				CLANG_WARN_DEPRECATED_OBJC_IMPLEMENTATIONS = YES;
				CLANG_WARN_DIRECT_OBJC_ISA_USAGE = YES_ERROR;
				CLANG_WARN_DOCUMENTATION_COMMENTS = YES;
				CLANG_WARN_EMPTY_BODY = YES;
				CLANG_WARN_ENUM_CONVERSION = YES;
				CLANG_WARN_INFINITE_RECURSION = YES;
				CLANG_WARN_INT_CONVERSION = YES;
				CLANG_WARN_NON_LITERAL_NULL_CONVERSION = YES;
				CLANG_WARN_OBJC_IMPLICIT_RETAIN_SELF = YES;
				CLANG_WARN_OBJC_LITERAL_CONVERSION = YES;
				CLANG_WARN_OBJC_ROOT_CLASS = YES_ERROR;
				CLANG_WARN_QUOTED_INCLUDE_IN_FRAMEWORK_HEADER = YES;
				CLANG_WARN_RANGE_LOOP_ANALYSIS = YES;
				CLANG_WARN_STRICT_PROTOTYPES = YES;
				CLANG_WARN_SUSPICIOUS_MOVE = YES;
				CLANG_WARN_UNGUARDED_AVAILABILITY = YES_AGGRESSIVE;
				CLANG_WARN_UNREACHABLE_CODE = YES;
				CLANG_WARN__DUPLICATE_METHOD_MATCH = YES;
				COPY_PHASE_STRIP = NO;
				DEBUG_INFORMATION_FORMAT = dwarf;
				ENABLE_STRICT_OBJC_MSGSEND = YES;
				ENABLE_TESTABILITY = YES;
				GCC_C_LANGUAGE_STANDARD = gnu11;
				GCC_DYNAMIC_NO_PIC = NO;
				GCC_NO_COMMON_BLOCKS = YES;
				GCC_OPTIMIZATION_LEVEL = 0;
				GCC_PREPROCESSOR_DEFINITIONS = (
					"DEBUG=1",
					"$(inherited)",
				);
				GCC_WARN_64_TO_32_BIT_CONVERSION = YES;
				GCC_WARN_ABOUT_RETURN_TYPE = YES_ERROR;
				GCC_WARN_UNDECLARED_SELECTOR = YES;
				GCC_WARN_UNINITIALIZED_AUTOS = YES_AGGRESSIVE;
				GCC_WARN_UNUSED_FUNCTION = YES;
				GCC_WARN_UNUSED_VARIABLE = YES;
				IPHONEOS_DEPLOYMENT_TARGET = 15.5;
				MTL_ENABLE_DEBUG_INFO = INCLUDE_SOURCE;
				MTL_FAST_MATH = YES;
				ONLY_ACTIVE_ARCH = YES;
				SDKROOT = iphoneos;
				SWIFT_ACTIVE_COMPILATION_CONDITIONS = DEBUG;
				SWIFT_OPTIMIZATION_LEVEL = "-Onone";
			};
			name = Debug;
		};
		2D55AC4B28AF3B800033DCF6 /* Release */ = {
			isa = XCBuildConfiguration;
			buildSettings = {
				ALWAYS_SEARCH_USER_PATHS = NO;
				CLANG_ANALYZER_NONNULL = YES;
				CLANG_ANALYZER_NUMBER_OBJECT_CONVERSION = YES_AGGRESSIVE;
				CLANG_CXX_LANGUAGE_STANDARD = "gnu++17";
				CLANG_ENABLE_MODULES = YES;
				CLANG_ENABLE_OBJC_ARC = YES;
				CLANG_ENABLE_OBJC_WEAK = YES;
				CLANG_WARN_BLOCK_CAPTURE_AUTORELEASING = YES;
				CLANG_WARN_BOOL_CONVERSION = YES;
				CLANG_WARN_COMMA = YES;
				CLANG_WARN_CONSTANT_CONVERSION = YES;
				CLANG_WARN_DEPRECATED_OBJC_IMPLEMENTATIONS = YES;
				CLANG_WARN_DIRECT_OBJC_ISA_USAGE = YES_ERROR;
				CLANG_WARN_DOCUMENTATION_COMMENTS = YES;
				CLANG_WARN_EMPTY_BODY = YES;
				CLANG_WARN_ENUM_CONVERSION = YES;
				CLANG_WARN_INFINITE_RECURSION = YES;
				CLANG_WARN_INT_CONVERSION = YES;
				CLANG_WARN_NON_LITERAL_NULL_CONVERSION = YES;
				CLANG_WARN_OBJC_IMPLICIT_RETAIN_SELF = YES;
				CLANG_WARN_OBJC_LITERAL_CONVERSION = YES;
				CLANG_WARN_OBJC_ROOT_CLASS = YES_ERROR;
				CLANG_WARN_QUOTED_INCLUDE_IN_FRAMEWORK_HEADER = YES;
				CLANG_WARN_RANGE_LOOP_ANALYSIS = YES;
				CLANG_WARN_STRICT_PROTOTYPES = YES;
				CLANG_WARN_SUSPICIOUS_MOVE = YES;
				CLANG_WARN_UNGUARDED_AVAILABILITY = YES_AGGRESSIVE;
				CLANG_WARN_UNREACHABLE_CODE = YES;
				CLANG_WARN__DUPLICATE_METHOD_MATCH = YES;
				COPY_PHASE_STRIP = NO;
				DEBUG_INFORMATION_FORMAT = "dwarf-with-dsym";
				ENABLE_NS_ASSERTIONS = NO;
				ENABLE_STRICT_OBJC_MSGSEND = YES;
				GCC_C_LANGUAGE_STANDARD = gnu11;
				GCC_NO_COMMON_BLOCKS = YES;
				GCC_WARN_64_TO_32_BIT_CONVERSION = YES;
				GCC_WARN_ABOUT_RETURN_TYPE = YES_ERROR;
				GCC_WARN_UNDECLARED_SELECTOR = YES;
				GCC_WARN_UNINITIALIZED_AUTOS = YES_AGGRESSIVE;
				GCC_WARN_UNUSED_FUNCTION = YES;
				GCC_WARN_UNUSED_VARIABLE = YES;
				IPHONEOS_DEPLOYMENT_TARGET = 15.5;
				MTL_ENABLE_DEBUG_INFO = NO;
				MTL_FAST_MATH = YES;
				SDKROOT = iphoneos;
				SWIFT_COMPILATION_MODE = wholemodule;
				SWIFT_OPTIMIZATION_LEVEL = "-O";
				VALIDATE_PRODUCT = YES;
			};
			name = Release;
		};
		2D55AC4D28AF3B800033DCF6 /* Debug */ = {
			isa = XCBuildConfiguration;
			buildSettings = {
				ASSETCATALOG_COMPILER_APPICON_NAME = AppIcon;
				ASSETCATALOG_COMPILER_GLOBAL_ACCENT_COLOR_NAME = AccentColor;
				CODE_SIGN_STYLE = Automatic;
				CURRENT_PROJECT_VERSION = 1;
				DEVELOPMENT_TEAM = BCH339NKGB;
				GENERATE_INFOPLIST_FILE = YES;
				INFOPLIST_FILE = TipCalculator/Info.plist;
				INFOPLIST_KEY_UIApplicationSupportsIndirectInputEvents = YES;
				INFOPLIST_KEY_UILaunchStoryboardName = LaunchScreen;
				INFOPLIST_KEY_UIMainStoryboardFile = Main;
				INFOPLIST_KEY_UISupportedInterfaceOrientations_iPad = "UIInterfaceOrientationPortrait UIInterfaceOrientationPortraitUpsideDown UIInterfaceOrientationLandscapeLeft UIInterfaceOrientationLandscapeRight";
				INFOPLIST_KEY_UISupportedInterfaceOrientations_iPhone = "UIInterfaceOrientationPortrait UIInterfaceOrientationLandscapeLeft UIInterfaceOrientationLandscapeRight";
				LD_RUNPATH_SEARCH_PATHS = (
					"$(inherited)",
					"@executable_path/Frameworks",
				);
				MARKETING_VERSION = 1.0;
				PRODUCT_BUNDLE_IDENTIFIER = ios.codepath.prework.TipCalculator;
				PRODUCT_NAME = "$(TARGET_NAME)";
				SWIFT_EMIT_LOC_STRINGS = YES;
				SWIFT_VERSION = 5.0;
				TARGETED_DEVICE_FAMILY = "1,2";
			};
			name = Debug;
		};
		2D55AC4E28AF3B800033DCF6 /* Release */ = {
			isa = XCBuildConfiguration;
			buildSettings = {
				ASSETCATALOG_COMPILER_APPICON_NAME = AppIcon;
				ASSETCATALOG_COMPILER_GLOBAL_ACCENT_COLOR_NAME = AccentColor;
				CODE_SIGN_STYLE = Automatic;
				CURRENT_PROJECT_VERSION = 1;
				DEVELOPMENT_TEAM = BCH339NKGB;
				GENERATE_INFOPLIST_FILE = YES;
				INFOPLIST_FILE = TipCalculator/Info.plist;
				INFOPLIST_KEY_UIApplicationSupportsIndirectInputEvents = YES;
				INFOPLIST_KEY_UILaunchStoryboardName = LaunchScreen;
				INFOPLIST_KEY_UIMainStoryboardFile = Main;
				INFOPLIST_KEY_UISupportedInterfaceOrientations_iPad = "UIInterfaceOrientationPortrait UIInterfaceOrientationPortraitUpsideDown UIInterfaceOrientationLandscapeLeft UIInterfaceOrientationLandscapeRight";
				INFOPLIST_KEY_UISupportedInterfaceOrientations_iPhone = "UIInterfaceOrientationPortrait UIInterfaceOrientationLandscapeLeft UIInterfaceOrientationLandscapeRight";
				LD_RUNPATH_SEARCH_PATHS = (
					"$(inherited)",
					"@executable_path/Frameworks",
				);
				MARKETING_VERSION = 1.0;
				PRODUCT_BUNDLE_IDENTIFIER = ios.codepath.prework.TipCalculator;
				PRODUCT_NAME = "$(TARGET_NAME)";
				SWIFT_EMIT_LOC_STRINGS = YES;
				SWIFT_VERSION = 5.0;
				TARGETED_DEVICE_FAMILY = "1,2";
			};
			name = Release;
		};
		2D55AC5028AF3B800033DCF6 /* Debug */ = {
			isa = XCBuildConfiguration;
			buildSettings = {
				ALWAYS_EMBED_SWIFT_STANDARD_LIBRARIES = YES;
				BUNDLE_LOADER = "$(TEST_HOST)";
				CODE_SIGN_STYLE = Automatic;
				CURRENT_PROJECT_VERSION = 1;
				DEVELOPMENT_TEAM = BCH339NKGB;
				GENERATE_INFOPLIST_FILE = YES;
				IPHONEOS_DEPLOYMENT_TARGET = 15.5;
				MARKETING_VERSION = 1.0;
				PRODUCT_BUNDLE_IDENTIFIER = ios.codepath.prework.TipCalculatorTests;
				PRODUCT_NAME = "$(TARGET_NAME)";
				SWIFT_EMIT_LOC_STRINGS = NO;
				SWIFT_VERSION = 5.0;
				TARGETED_DEVICE_FAMILY = "1,2";
				TEST_HOST = "$(BUILT_PRODUCTS_DIR)/TipCalculator.app/TipCalculator";
			};
			name = Debug;
		};
		2D55AC5128AF3B800033DCF6 /* Release */ = {
			isa = XCBuildConfiguration;
			buildSettings = {
				ALWAYS_EMBED_SWIFT_STANDARD_LIBRARIES = YES;
				BUNDLE_LOADER = "$(TEST_HOST)";
				CODE_SIGN_STYLE = Automatic;
				CURRENT_PROJECT_VERSION = 1;
				DEVELOPMENT_TEAM = BCH339NKGB;
				GENERATE_INFOPLIST_FILE = YES;
				IPHONEOS_DEPLOYMENT_TARGET = 15.5;
				MARKETING_VERSION = 1.0;
				PRODUCT_BUNDLE_IDENTIFIER = ios.codepath.prework.TipCalculatorTests;
				PRODUCT_NAME = "$(TARGET_NAME)";
				SWIFT_EMIT_LOC_STRINGS = NO;
				SWIFT_VERSION = 5.0;
				TARGETED_DEVICE_FAMILY = "1,2";
				TEST_HOST = "$(BUILT_PRODUCTS_DIR)/TipCalculator.app/TipCalculator";
			};
			name = Release;
		};
		2D55AC5328AF3B800033DCF6 /* Debug */ = {
			isa = XCBuildConfiguration;
			buildSettings = {
				ALWAYS_EMBED_SWIFT_STANDARD_LIBRARIES = YES;
				CODE_SIGN_STYLE = Automatic;
				CURRENT_PROJECT_VERSION = 1;
				DEVELOPMENT_TEAM = BCH339NKGB;
				GENERATE_INFOPLIST_FILE = YES;
				MARKETING_VERSION = 1.0;
				PRODUCT_BUNDLE_IDENTIFIER = ios.codepath.prework.TipCalculatorUITests;
				PRODUCT_NAME = "$(TARGET_NAME)";
				SWIFT_EMIT_LOC_STRINGS = NO;
				SWIFT_VERSION = 5.0;
				TARGETED_DEVICE_FAMILY = "1,2";
				TEST_TARGET_NAME = TipCalculator;
			};
			name = Debug;
		};
		2D55AC5428AF3B800033DCF6 /* Release */ = {
			isa = XCBuildConfiguration;
			buildSettings = {
				ALWAYS_EMBED_SWIFT_STANDARD_LIBRARIES = YES;
				CODE_SIGN_STYLE = Automatic;
				CURRENT_PROJECT_VERSION = 1;
				DEVELOPMENT_TEAM = BCH339NKGB;
				GENERATE_INFOPLIST_FILE = YES;
				MARKETING_VERSION = 1.0;
				PRODUCT_BUNDLE_IDENTIFIER = ios.codepath.prework.TipCalculatorUITests;
				PRODUCT_NAME = "$(TARGET_NAME)";
				SWIFT_EMIT_LOC_STRINGS = NO;
				SWIFT_VERSION = 5.0;
				TARGETED_DEVICE_FAMILY = "1,2";
				TEST_TARGET_NAME = TipCalculator;
			};
			name = Release;
		};
/* End XCBuildConfiguration section */

/* Begin XCConfigurationList section */
		2D55AC1D28AF3B7E0033DCF6 /* Build configuration list for PBXProject "TipCalculator" */ = {
			isa = XCConfigurationList;
			buildConfigurations = (
				2D55AC4A28AF3B800033DCF6 /* Debug */,
				2D55AC4B28AF3B800033DCF6 /* Release */,
			);
			defaultConfigurationIsVisible = 0;
			defaultConfigurationName = Release;
		};
		2D55AC4C28AF3B800033DCF6 /* Build configuration list for PBXNativeTarget "TipCalculator" */ = {
			isa = XCConfigurationList;
			buildConfigurations = (
				2D55AC4D28AF3B800033DCF6 /* Debug */,
				2D55AC4E28AF3B800033DCF6 /* Release */,
			);
			defaultConfigurationIsVisible = 0;
			defaultConfigurationName = Release;
		};
		2D55AC4F28AF3B800033DCF6 /* Build configuration list for PBXNativeTarget "TipCalculatorTests" */ = {
			isa = XCConfigurationList;
			buildConfigurations = (
				2D55AC5028AF3B800033DCF6 /* Debug */,
				2D55AC5128AF3B800033DCF6 /* Release */,
			);
			defaultConfigurationIsVisible = 0;
			defaultConfigurationName = Release;
		};
		2D55AC5228AF3B800033DCF6 /* Build configuration list for PBXNativeTarget "TipCalculatorUITests" */ = {
			isa = XCConfigurationList;
			buildConfigurations = (
				2D55AC5328AF3B800033DCF6 /* Debug */,
				2D55AC5428AF3B800033DCF6 /* Release */,
			);
			defaultConfigurationIsVisible = 0;
			defaultConfigurationName = Release;
		};
/* End XCConfigurationList section */
	};
	rootObject = 2D55AC1A28AF3B7E0033DCF6 /* Project object */;
}
